
Microsoft Visual Studio Solution File, Format Version 12.00
# Visual Studio Version 17
VisualStudioVersion = 17.5.33516.290
MinimumVisualStudioVersion = 10.0.40219.1
Project("{9A19103F-16F7-4668-BE54-9A1E7A4F7556}") = "ServiceProviderValidationExtensions", "ServiceProviderValidationExtensions\ServiceProviderValidationExtensions.csproj", "{AC81A7AB-4A8E-4056-843D-2A9F77A9A36A}"
EndProject
Project("{9A19103F-16F7-4668-BE54-9A1E7A4F7556}") = "Tests", "Tests\Tests.csproj", "{D71C8829-CF55-4AFE-AF40-A39A117D2043}"
EndProject
Project("{FAE04EC0-301F-11D3-BF4B-00C04F79EFBC}") = "WebApplication1", "WebApplication1\WebApplication1.csproj", "{1608A6F7-31DB-47F3-886D-BAFB14F1F0E9}"
EndProject
Global
	GlobalSection(SolutionConfigurationPlatforms) = preSolution
		Debug|Any CPU = Debug|Any CPU
		Release|Any CPU = Release|Any CPU
	EndGlobalSection
	GlobalSection(ProjectConfigurationPlatforms) = postSolution
		{AC81A7AB-4A8E-4056-843D-2A9F77A9A36A}.Debug|Any CPU.ActiveCfg = Debug|Any CPU
		{AC81A7AB-4A8E-4056-843D-2A9F77A9A36A}.Debug|Any CPU.Build.0 = Debug|Any CPU
		{AC81A7AB-4A8E-4056-843D-2A9F77A9A36A}.Release|Any CPU.ActiveCfg = Release|Any CPU
		{AC81A7AB-4A8E-4056-843D-2A9F77A9A36A}.Release|Any CPU.Build.0 = Release|Any CPU
		{D71C8829-CF55-4AFE-AF40-A39A117D2043}.Debug|Any CPU.ActiveCfg = Debug|Any CPU
		{D71C8829-CF55-4AFE-AF40-A39A117D2043}.Debug|Any CPU.Build.0 = Debug|Any CPU
		{D71C8829-CF55-4AFE-AF40-A39A117D2043}.Release|Any CPU.ActiveCfg = Release|Any CPU
		{D71C8829-CF55-4AFE-AF40-A39A117D2043}.Release|Any CPU.Build.0 = Release|Any CPU
		{1608A6F7-31DB-47F3-886D-BAFB14F1F0E9}.Debug|Any CPU.ActiveCfg = Debug|Any CPU
		{1608A6F7-31DB-47F3-886D-BAFB14F1F0E9}.Debug|Any CPU.Build.0 = Debug|Any CPU
		{1608A6F7-31DB-47F3-886D-BAFB14F1F0E9}.Release|Any CPU.ActiveCfg = Release|Any CPU
		{1608A6F7-31DB-47F3-886D-BAFB14F1F0E9}.Release|Any CPU.Build.0 = Release|Any CPU
	EndGlobalSection
	GlobalSection(SolutionProperties) = preSolution
		HideSolutionNode = FALSE
	EndGlobalSection
	GlobalSection(ExtensibilityGlobals) = postSolution
		SolutionGuid = {8F79A497-DC14-4E07-9C79-D6F5B2DB21E0}
	EndGlobalSection
EndGlobal
